
Microsoft Visual Studio Solution File, Format Version 12.00
# Visual Studio Version 16
VisualStudioVersion = 16.0.30517.126
MinimumVisualStudioVersion = 10.0.40219.1
Project("{F2A71F9B-5D33-465A-A702-920D77279786}") = "FSharp.ObjectCatalogViews", "FSharp.ObjectCatalogViews\FSharp.ObjectCatalogViews.fsproj", "{0D0516FE-0DCD-41AA-AB57-69C87EDE8567}"
EndProject
Project("{F2A71F9B-5D33-465A-A702-920D77279786}") = "FSharp.ObjectCatalogViews.Test", "FSharp.ObjectCatalogViews.Test\FSharp.ObjectCatalogViews.Test.fsproj", "{A6D10FE1-63A8-4C41-AC94-6CE72CC748C6}"
EndProject
Global
	GlobalSection(SolutionConfigurationPlatforms) = preSolution
		Debug|Any CPU = Debug|Any CPU
		Release|Any CPU = Release|Any CPU
	EndGlobalSection
	GlobalSection(ProjectConfigurationPlatforms) = postSolution
		{0D0516FE-0DCD-41AA-AB57-69C87EDE8567}.Debug|Any CPU.ActiveCfg = Debug|Any CPU
		{0D0516FE-0DCD-41AA-AB57-69C87EDE8567}.Debug|Any CPU.Build.0 = Debug|Any CPU
		{0D0516FE-0DCD-41AA-AB57-69C87EDE8567}.Release|Any CPU.ActiveCfg = Release|Any CPU
		{0D0516FE-0DCD-41AA-AB57-69C87EDE8567}.Release|Any CPU.Build.0 = Release|Any CPU
		{A6D10FE1-63A8-4C41-AC94-6CE72CC748C6}.Debug|Any CPU.ActiveCfg = Debug|Any CPU
		{A6D10FE1-63A8-4C41-AC94-6CE72CC748C6}.Debug|Any CPU.Build.0 = Debug|Any CPU
		{A6D10FE1-63A8-4C41-AC94-6CE72CC748C6}.Release|Any CPU.ActiveCfg = Release|Any CPU
		{A6D10FE1-63A8-4C41-AC94-6CE72CC748C6}.Release|Any CPU.Build.0 = Release|Any CPU
	EndGlobalSection
	GlobalSection(SolutionProperties) = preSolution
		HideSolutionNode = FALSE
	EndGlobalSection
	GlobalSection(ExtensibilityGlobals) = postSolution
		SolutionGuid = {4FE3B7E6-8850-4F85-955A-C48758152169}
	EndGlobalSection
EndGlobal
